
Microsoft Visual Studio Solution File, Format Version 12.00
# Visual Studio 15
VisualStudioVersion = 15.0.27703.2000
MinimumVisualStudioVersion = 10.0.40219.1
Project("{8BC9CEB8-8B4A-11D0-8D11-00A0C91BC942}") = "GraphExample", "GraphExample\GraphExample.vcxproj", "{BB257E03-D12B-4B80-81A6-CF31D69B5B7A}"
EndProject
Global
	GlobalSection(SolutionConfigurationPlatforms) = preSolution
		Debug|x64 = Debug|x64
		Debug|x86 = Debug|x86
		Release|x64 = Release|x64
		Release|x86 = Release|x86
	EndGlobalSection
	GlobalSection(ProjectConfigurationPlatforms) = postSolution
		{BB257E03-D12B-4B80-81A6-CF31D69B5B7A}.Debug|x64.ActiveCfg = Debug|x64
		{BB257E03-D12B-4B80-81A6-CF31D69B5B7A}.Debug|x64.Build.0 = Debug|x64
		{BB257E03-D12B-4B80-81A6-CF31D69B5B7A}.Debug|x86.ActiveCfg = Debug|Win32
		{BB257E03-D12B-4B80-81A6-CF31D69B5B7A}.Debug|x86.Build.0 = Debug|Win32
		{BB257E03-D12B-4B80-81A6-CF31D69B5B7A}.Release|x64.ActiveCfg = Release|x64
		{BB257E03-D12B-4B80-81A6-CF31D69B5B7A}.Release|x64.Build.0 = Release|x64
		{BB257E03-D12B-4B80-81A6-CF31D69B5B7A}.Release|x86.ActiveCfg = Release|Win32
		{BB257E03-D12B-4B80-81A6-CF31D69B5B7A}.Release|x86.Build.0 = Release|Win32
	EndGlobalSection
	GlobalSection(SolutionProperties) = preSolution
		HideSolutionNode = FALSE
	EndGlobalSection
	GlobalSection(ExtensibilityGlobals) = postSolution
		SolutionGuid = {DB2A8BFC-8E99-4F4A-9100-5EF222EFC414}
	EndGlobalSection
EndGlobal
